// !$*UTF8*$!
{
	archiveVersion = 1;
	classes = {
	};
	objectVersion = 55;
	objects = {

/* Begin PBXBuildFile section */
		00F821A756F716443E75CAD9 /* Pods_MyNews_MyNewsUITests.framework in Frameworks */ = {isa = PBXBuildFile; fileRef = C19E3682B4BD7752AF525714 /* Pods_MyNews_MyNewsUITests.framework */; };
		0F12FBFD27B7D66E00D45E8E /* GoogleService-Info.plist in Resources */ = {isa = PBXBuildFile; fileRef = 0F12FBFC27B7D66E00D45E8E /* GoogleService-Info.plist */; };
		0F12FC0627B7D7BF00D45E8E /* Montserrat-Regular.ttf in Resources */ = {isa = PBXBuildFile; fileRef = 0F12FC0127B7D7B000D45E8E /* Montserrat-Regular.ttf */; };
		0F12FC0727B7D7BF00D45E8E /* Montserrat-Bold.ttf in Resources */ = {isa = PBXBuildFile; fileRef = 0F12FC0427B7D7B100D45E8E /* Montserrat-Bold.ttf */; };
		0F12FC0827B7D7BF00D45E8E /* Montserrat-Thin.ttf in Resources */ = {isa = PBXBuildFile; fileRef = 0F12FC0327B7D7B100D45E8E /* Montserrat-Thin.ttf */; };
		0F12FC0927B7D7BF00D45E8E /* Montserrat-SemiBold.ttf in Resources */ = {isa = PBXBuildFile; fileRef = 0F12FC0227B7D7B100D45E8E /* Montserrat-SemiBold.ttf */; };
		0F12FC0A27B7D7BF00D45E8E /* Montserrat-Medium.ttf in Resources */ = {isa = PBXBuildFile; fileRef = 0F12FC0527B7D7B100D45E8E /* Montserrat-Medium.ttf */; };
		0F12FC0E27B7DCA400D45E8E /* Constants.swift in Sources */ = {isa = PBXBuildFile; fileRef = 0F12FC0D27B7DCA400D45E8E /* Constants.swift */; };
		0F12FC1127B7DD7B00D45E8E /* NewsApiService.swift in Sources */ = {isa = PBXBuildFile; fileRef = 0F12FC1027B7DD7B00D45E8E /* NewsApiService.swift */; };
		0F12FC1527B7DDA600D45E8E /* DeviceNetworkMonitor.swift in Sources */ = {isa = PBXBuildFile; fileRef = 0F12FC1427B7DDA600D45E8E /* DeviceNetworkMonitor.swift */; };
		0F12FC1727B7DDFA00D45E8E /* DebuggingLogger.swift in Sources */ = {isa = PBXBuildFile; fileRef = 0F12FC1627B7DDFA00D45E8E /* DebuggingLogger.swift */; };
		0F12FC1927B7DE1600D45E8E /* ColorUtils.swift in Sources */ = {isa = PBXBuildFile; fileRef = 0F12FC1827B7DE1600D45E8E /* ColorUtils.swift */; };
		0F12FC1B27B7DE8200D45E8E /* WebResource.swift in Sources */ = {isa = PBXBuildFile; fileRef = 0F12FC1A27B7DE8200D45E8E /* WebResource.swift */; };
		0F12FC1F27B7DEBE00D45E8E /* APICallError.swift in Sources */ = {isa = PBXBuildFile; fileRef = 0F12FC1E27B7DEBE00D45E8E /* APICallError.swift */; };
		0F12FC2127B7DED100D45E8E /* HttpMethod.swift in Sources */ = {isa = PBXBuildFile; fileRef = 0F12FC2027B7DED100D45E8E /* HttpMethod.swift */; };
		0F12FC2327B7DF7F00D45E8E /* Article.swift in Sources */ = {isa = PBXBuildFile; fileRef = 0F12FC2227B7DF7F00D45E8E /* Article.swift */; };
		0F12FC2527B7DFA400D45E8E /* Source.swift in Sources */ = {isa = PBXBuildFile; fileRef = 0F12FC2427B7DFA400D45E8E /* Source.swift */; };
		0F12FC2727B7E01200D45E8E /* NewsApiResponse.swift in Sources */ = {isa = PBXBuildFile; fileRef = 0F12FC2627B7E01200D45E8E /* NewsApiResponse.swift */; };
		0F12FC2927B7E0A700D45E8E /* NewsApiErrorResponse.swift in Sources */ = {isa = PBXBuildFile; fileRef = 0F12FC2827B7E0A700D45E8E /* NewsApiErrorResponse.swift */; };
		0F12FC2C27B7E17B00D45E8E /* ArticleViewModel.swift in Sources */ = {isa = PBXBuildFile; fileRef = 0F12FC2B27B7E17B00D45E8E /* ArticleViewModel.swift */; };
		0F12FC2E27B7E47C00D45E8E /* ArticleListViewModel.swift in Sources */ = {isa = PBXBuildFile; fileRef = 0F12FC2D27B7E47C00D45E8E /* ArticleListViewModel.swift */; };
		0F12FC3227B7E91600D45E8E /* HeadlinesUseCase.swift in Sources */ = {isa = PBXBuildFile; fileRef = 0F12FC3127B7E91600D45E8E /* HeadlinesUseCase.swift */; };
		0F12FC3427B7E9C200D45E8E /* HeadlinesUseCaseImp.swift in Sources */ = {isa = PBXBuildFile; fileRef = 0F12FC3327B7E9C200D45E8E /* HeadlinesUseCaseImp.swift */; };
		0F12FC3727B7EE2E00D45E8E /* HeadlinesViewController.swift in Sources */ = {isa = PBXBuildFile; fileRef = 0F12FC3627B7EE2E00D45E8E /* HeadlinesViewController.swift */; };
		0F12FC3A27B7F61800D45E8E /* HeadlinesTableViewCell.swift in Sources */ = {isa = PBXBuildFile; fileRef = 0F12FC3927B7F61800D45E8E /* HeadlinesTableViewCell.swift */; };
		0F12FC3C27B7F6C900D45E8E /* 24987-warning.json in Resources */ = {isa = PBXBuildFile; fileRef = 0F12FC3B27B7F6C900D45E8E /* 24987-warning.json */; };
		0F12FC3F27B7F8F600D45E8E /* HeadlinesViewControllerTableViewExt.swift in Sources */ = {isa = PBXBuildFile; fileRef = 0F12FC3E27B7F8F600D45E8E /* HeadlinesViewControllerTableViewExt.swift */; };
		0F12FC4127B7FD1B00D45E8E /* HeadlinesViewControllerStateManagementExt.swift in Sources */ = {isa = PBXBuildFile; fileRef = 0F12FC4027B7FD1A00D45E8E /* HeadlinesViewControllerStateManagementExt.swift */; };
		0F12FC4327B802C700D45E8E /* 92490-error-purple.json in Resources */ = {isa = PBXBuildFile; fileRef = 0F12FC4227B802C700D45E8E /* 92490-error-purple.json */; };
		0F12FC4527B805FB00D45E8E /* ArticleViewController.swift in Sources */ = {isa = PBXBuildFile; fileRef = 0F12FC4427B805FB00D45E8E /* ArticleViewController.swift */; };
		0F12FC4727B82E2F00D45E8E /* LocalDataService.swift in Sources */ = {isa = PBXBuildFile; fileRef = 0F12FC4627B82E2F00D45E8E /* LocalDataService.swift */; };
		0F12FC4927B82EBD00D45E8E /* Country.swift in Sources */ = {isa = PBXBuildFile; fileRef = 0F12FC4827B82EBD00D45E8E /* Country.swift */; };
		0F12FC4B27B831EF00D45E8E /* CountriesUseCase.swift in Sources */ = {isa = PBXBuildFile; fileRef = 0F12FC4A27B831EF00D45E8E /* CountriesUseCase.swift */; };
		0F12FC4D27B832E100D45E8E /* CountriesUseCaseImp.swift in Sources */ = {isa = PBXBuildFile; fileRef = 0F12FC4C27B832E100D45E8E /* CountriesUseCaseImp.swift */; };
		0F12FC4F27B8342200D45E8E /* CountriesViewController.swift in Sources */ = {isa = PBXBuildFile; fileRef = 0F12FC4E27B8342200D45E8E /* CountriesViewController.swift */; };
		0F12FC5127B8359700D45E8E /* CountryViewModel.swift in Sources */ = {isa = PBXBuildFile; fileRef = 0F12FC5027B8359700D45E8E /* CountryViewModel.swift */; };
		0F12FC5327B8361F00D45E8E /* CountryListViewModel.swift in Sources */ = {isa = PBXBuildFile; fileRef = 0F12FC5227B8361F00D45E8E /* CountryListViewModel.swift */; };
		0F12FC5627B8370500D45E8E /* CountriesViewControllerTableViewExt.swift in Sources */ = {isa = PBXBuildFile; fileRef = 0F12FC5527B8370500D45E8E /* CountriesViewControllerTableViewExt.swift */; };
		0F12FC5827B8379400D45E8E /* CountriesTableViewCell.swift in Sources */ = {isa = PBXBuildFile; fileRef = 0F12FC5727B8379400D45E8E /* CountriesTableViewCell.swift */; };
		0F12FC5A27B83C6B00D45E8E /* SettingsViewModel.swift in Sources */ = {isa = PBXBuildFile; fileRef = 0F12FC5927B83C6B00D45E8E /* SettingsViewModel.swift */; };
		0F12FC5C27B83F1C00D45E8E /* HeadlinesViewControllerSettingsExt.swift in Sources */ = {isa = PBXBuildFile; fileRef = 0F12FC5B27B83F1C00D45E8E /* HeadlinesViewControllerSettingsExt.swift */; };
		0F12FC5E27B84EFF00D45E8E /* DateExtension.swift in Sources */ = {isa = PBXBuildFile; fileRef = 0F12FC5D27B84EFF00D45E8E /* DateExtension.swift */; };
		0FE92BC227B791C2004E7FC8 /* AppDelegate.swift in Sources */ = {isa = PBXBuildFile; fileRef = 0FE92BC127B791C2004E7FC8 /* AppDelegate.swift */; };
		0FE92BC427B791C2004E7FC8 /* SceneDelegate.swift in Sources */ = {isa = PBXBuildFile; fileRef = 0FE92BC327B791C2004E7FC8 /* SceneDelegate.swift */; };
		0FE92BC927B791C2004E7FC8 /* Main.storyboard in Resources */ = {isa = PBXBuildFile; fileRef = 0FE92BC727B791C2004E7FC8 /* Main.storyboard */; };
		0FE92BCB27B791C2004E7FC8 /* Assets.xcassets in Resources */ = {isa = PBXBuildFile; fileRef = 0FE92BCA27B791C2004E7FC8 /* Assets.xcassets */; };
		0FE92BCE27B791C2004E7FC8 /* LaunchScreen.storyboard in Resources */ = {isa = PBXBuildFile; fileRef = 0FE92BCC27B791C2004E7FC8 /* LaunchScreen.storyboard */; };
		0FE92BD927B791C2004E7FC8 /* MyNewsTests.swift in Sources */ = {isa = PBXBuildFile; fileRef = 0FE92BD827B791C2004E7FC8 /* MyNewsTests.swift */; };
		0FE92BE327B791C2004E7FC8 /* MyNewsUITests.swift in Sources */ = {isa = PBXBuildFile; fileRef = 0FE92BE227B791C2004E7FC8 /* MyNewsUITests.swift */; };
		0FE92BE527B791C2004E7FC8 /* MyNewsUITestsLaunchTests.swift in Sources */ = {isa = PBXBuildFile; fileRef = 0FE92BE427B791C2004E7FC8 /* MyNewsUITestsLaunchTests.swift */; };
		154D894BE5D334FB4499917A /* Pods_MyNewsTests.framework in Frameworks */ = {isa = PBXBuildFile; fileRef = C326436EAAAF611EA55CE98B /* Pods_MyNewsTests.framework */; };
		16C061F6677DE9965C6BD498 /* Pods_MyNews.framework in Frameworks */ = {isa = PBXBuildFile; fileRef = CB4924D276D65E8EE8B7D81B /* Pods_MyNews.framework */; };
/* End PBXBuildFile section */

/* Begin PBXContainerItemProxy section */
		0FE92BD527B791C2004E7FC8 /* PBXContainerItemProxy */ = {
			isa = PBXContainerItemProxy;
			containerPortal = 0FE92BB627B791C2004E7FC8 /* Project object */;
			proxyType = 1;
			remoteGlobalIDString = 0FE92BBD27B791C2004E7FC8;
			remoteInfo = MyNews;
		};
		0FE92BDF27B791C2004E7FC8 /* PBXContainerItemProxy */ = {
			isa = PBXContainerItemProxy;
			containerPortal = 0FE92BB627B791C2004E7FC8 /* Project object */;
			proxyType = 1;
			remoteGlobalIDString = 0FE92BBD27B791C2004E7FC8;
			remoteInfo = MyNews;
		};
/* End PBXContainerItemProxy section */

/* Begin PBXFileReference section */
		0F12FBFC27B7D66E00D45E8E /* GoogleService-Info.plist */ = {isa = PBXFileReference; fileEncoding = 4; lastKnownFileType = text.plist.xml; path = "GoogleService-Info.plist"; sourceTree = "<group>"; };
		0F12FC0127B7D7B000D45E8E /* Montserrat-Regular.ttf */ = {isa = PBXFileReference; lastKnownFileType = file; path = "Montserrat-Regular.ttf"; sourceTree = "<group>"; };
		0F12FC0227B7D7B100D45E8E /* Montserrat-SemiBold.ttf */ = {isa = PBXFileReference; lastKnownFileType = file; path = "Montserrat-SemiBold.ttf"; sourceTree = "<group>"; };
		0F12FC0327B7D7B100D45E8E /* Montserrat-Thin.ttf */ = {isa = PBXFileReference; lastKnownFileType = file; path = "Montserrat-Thin.ttf"; sourceTree = "<group>"; };
		0F12FC0427B7D7B100D45E8E /* Montserrat-Bold.ttf */ = {isa = PBXFileReference; lastKnownFileType = file; path = "Montserrat-Bold.ttf"; sourceTree = "<group>"; };
		0F12FC0527B7D7B100D45E8E /* Montserrat-Medium.ttf */ = {isa = PBXFileReference; lastKnownFileType = file; path = "Montserrat-Medium.ttf"; sourceTree = "<group>"; };
		0F12FC0D27B7DCA400D45E8E /* Constants.swift */ = {isa = PBXFileReference; lastKnownFileType = sourcecode.swift; path = Constants.swift; sourceTree = "<group>"; };
		0F12FC1027B7DD7B00D45E8E /* NewsApiService.swift */ = {isa = PBXFileReference; lastKnownFileType = sourcecode.swift; path = NewsApiService.swift; sourceTree = "<group>"; };
		0F12FC1427B7DDA600D45E8E /* DeviceNetworkMonitor.swift */ = {isa = PBXFileReference; lastKnownFileType = sourcecode.swift; path = DeviceNetworkMonitor.swift; sourceTree = "<group>"; };
		0F12FC1627B7DDFA00D45E8E /* DebuggingLogger.swift */ = {isa = PBXFileReference; lastKnownFileType = sourcecode.swift; path = DebuggingLogger.swift; sourceTree = "<group>"; };
		0F12FC1827B7DE1600D45E8E /* ColorUtils.swift */ = {isa = PBXFileReference; lastKnownFileType = sourcecode.swift; path = ColorUtils.swift; sourceTree = "<group>"; };
		0F12FC1A27B7DE8200D45E8E /* WebResource.swift */ = {isa = PBXFileReference; lastKnownFileType = sourcecode.swift; path = WebResource.swift; sourceTree = "<group>"; };
		0F12FC1E27B7DEBE00D45E8E /* APICallError.swift */ = {isa = PBXFileReference; lastKnownFileType = sourcecode.swift; path = APICallError.swift; sourceTree = "<group>"; };
		0F12FC2027B7DED100D45E8E /* HttpMethod.swift */ = {isa = PBXFileReference; lastKnownFileType = sourcecode.swift; path = HttpMethod.swift; sourceTree = "<group>"; };
		0F12FC2227B7DF7F00D45E8E /* Article.swift */ = {isa = PBXFileReference; lastKnownFileType = sourcecode.swift; path = Article.swift; sourceTree = "<group>"; };
		0F12FC2427B7DFA400D45E8E /* Source.swift */ = {isa = PBXFileReference; lastKnownFileType = sourcecode.swift; path = Source.swift; sourceTree = "<group>"; };
		0F12FC2627B7E01200D45E8E /* NewsApiResponse.swift */ = {isa = PBXFileReference; lastKnownFileType = sourcecode.swift; path = NewsApiResponse.swift; sourceTree = "<group>"; };
		0F12FC2827B7E0A700D45E8E /* NewsApiErrorResponse.swift */ = {isa = PBXFileReference; lastKnownFileType = sourcecode.swift; path = NewsApiErrorResponse.swift; sourceTree = "<group>"; };
		0F12FC2B27B7E17B00D45E8E /* ArticleViewModel.swift */ = {isa = PBXFileReference; lastKnownFileType = sourcecode.swift; path = ArticleViewModel.swift; sourceTree = "<group>"; };
		0F12FC2D27B7E47C00D45E8E /* ArticleListViewModel.swift */ = {isa = PBXFileReference; lastKnownFileType = sourcecode.swift; path = ArticleListViewModel.swift; sourceTree = "<group>"; };
		0F12FC3127B7E91600D45E8E /* HeadlinesUseCase.swift */ = {isa = PBXFileReference; lastKnownFileType = sourcecode.swift; path = HeadlinesUseCase.swift; sourceTree = "<group>"; };
		0F12FC3327B7E9C200D45E8E /* HeadlinesUseCaseImp.swift */ = {isa = PBXFileReference; lastKnownFileType = sourcecode.swift; path = HeadlinesUseCaseImp.swift; sourceTree = "<group>"; };
		0F12FC3627B7EE2E00D45E8E /* HeadlinesViewController.swift */ = {isa = PBXFileReference; lastKnownFileType = sourcecode.swift; path = HeadlinesViewController.swift; sourceTree = "<group>"; };
		0F12FC3927B7F61800D45E8E /* HeadlinesTableViewCell.swift */ = {isa = PBXFileReference; lastKnownFileType = sourcecode.swift; path = HeadlinesTableViewCell.swift; sourceTree = "<group>"; };
		0F12FC3B27B7F6C900D45E8E /* 24987-warning.json */ = {isa = PBXFileReference; fileEncoding = 4; lastKnownFileType = text.json; path = "24987-warning.json"; sourceTree = "<group>"; };
		0F12FC3E27B7F8F600D45E8E /* HeadlinesViewControllerTableViewExt.swift */ = {isa = PBXFileReference; lastKnownFileType = sourcecode.swift; path = HeadlinesViewControllerTableViewExt.swift; sourceTree = "<group>"; };
		0F12FC4027B7FD1A00D45E8E /* HeadlinesViewControllerStateManagementExt.swift */ = {isa = PBXFileReference; lastKnownFileType = sourcecode.swift; path = HeadlinesViewControllerStateManagementExt.swift; sourceTree = "<group>"; };
		0F12FC4227B802C700D45E8E /* 92490-error-purple.json */ = {isa = PBXFileReference; fileEncoding = 4; lastKnownFileType = text.json; path = "92490-error-purple.json"; sourceTree = "<group>"; };
		0F12FC4427B805FB00D45E8E /* ArticleViewController.swift */ = {isa = PBXFileReference; lastKnownFileType = sourcecode.swift; path = ArticleViewController.swift; sourceTree = "<group>"; };
		0F12FC4627B82E2F00D45E8E /* LocalDataService.swift */ = {isa = PBXFileReference; lastKnownFileType = sourcecode.swift; path = LocalDataService.swift; sourceTree = "<group>"; };
		0F12FC4827B82EBD00D45E8E /* Country.swift */ = {isa = PBXFileReference; lastKnownFileType = sourcecode.swift; path = Country.swift; sourceTree = "<group>"; };
		0F12FC4A27B831EF00D45E8E /* CountriesUseCase.swift */ = {isa = PBXFileReference; lastKnownFileType = sourcecode.swift; path = CountriesUseCase.swift; sourceTree = "<group>"; };
		0F12FC4C27B832E100D45E8E /* CountriesUseCaseImp.swift */ = {isa = PBXFileReference; lastKnownFileType = sourcecode.swift; path = CountriesUseCaseImp.swift; sourceTree = "<group>"; };
		0F12FC4E27B8342200D45E8E /* CountriesViewController.swift */ = {isa = PBXFileReference; lastKnownFileType = sourcecode.swift; path = CountriesViewController.swift; sourceTree = "<group>"; };
		0F12FC5027B8359700D45E8E /* CountryViewModel.swift */ = {isa = PBXFileReference; lastKnownFileType = sourcecode.swift; path = CountryViewModel.swift; sourceTree = "<group>"; };
		0F12FC5227B8361F00D45E8E /* CountryListViewModel.swift */ = {isa = PBXFileReference; lastKnownFileType = sourcecode.swift; path = CountryListViewModel.swift; sourceTree = "<group>"; };
		0F12FC5527B8370500D45E8E /* CountriesViewControllerTableViewExt.swift */ = {isa = PBXFileReference; lastKnownFileType = sourcecode.swift; path = CountriesViewControllerTableViewExt.swift; sourceTree = "<group>"; };
		0F12FC5727B8379400D45E8E /* CountriesTableViewCell.swift */ = {isa = PBXFileReference; lastKnownFileType = sourcecode.swift; path = CountriesTableViewCell.swift; sourceTree = "<group>"; };
		0F12FC5927B83C6B00D45E8E /* SettingsViewModel.swift */ = {isa = PBXFileReference; lastKnownFileType = sourcecode.swift; path = SettingsViewModel.swift; sourceTree = "<group>"; };
		0F12FC5B27B83F1C00D45E8E /* HeadlinesViewControllerSettingsExt.swift */ = {isa = PBXFileReference; lastKnownFileType = sourcecode.swift; path = HeadlinesViewControllerSettingsExt.swift; sourceTree = "<group>"; };
		0F12FC5D27B84EFF00D45E8E /* DateExtension.swift */ = {isa = PBXFileReference; lastKnownFileType = sourcecode.swift; path = DateExtension.swift; sourceTree = "<group>"; };
		0FE92BBE27B791C2004E7FC8 /* MyNews.app */ = {isa = PBXFileReference; explicitFileType = wrapper.application; includeInIndex = 0; path = MyNews.app; sourceTree = BUILT_PRODUCTS_DIR; };
		0FE92BC127B791C2004E7FC8 /* AppDelegate.swift */ = {isa = PBXFileReference; lastKnownFileType = sourcecode.swift; path = AppDelegate.swift; sourceTree = "<group>"; };
		0FE92BC327B791C2004E7FC8 /* SceneDelegate.swift */ = {isa = PBXFileReference; lastKnownFileType = sourcecode.swift; path = SceneDelegate.swift; sourceTree = "<group>"; };
		0FE92BC827B791C2004E7FC8 /* Base */ = {isa = PBXFileReference; lastKnownFileType = file.storyboard; name = Base; path = Base.lproj/Main.storyboard; sourceTree = "<group>"; };
		0FE92BCA27B791C2004E7FC8 /* Assets.xcassets */ = {isa = PBXFileReference; lastKnownFileType = folder.assetcatalog; path = Assets.xcassets; sourceTree = "<group>"; };
		0FE92BCD27B791C2004E7FC8 /* Base */ = {isa = PBXFileReference; lastKnownFileType = file.storyboard; name = Base; path = Base.lproj/LaunchScreen.storyboard; sourceTree = "<group>"; };
		0FE92BCF27B791C2004E7FC8 /* Info.plist */ = {isa = PBXFileReference; lastKnownFileType = text.plist.xml; path = Info.plist; sourceTree = "<group>"; };
		0FE92BD427B791C2004E7FC8 /* MyNewsTests.xctest */ = {isa = PBXFileReference; explicitFileType = wrapper.cfbundle; includeInIndex = 0; path = MyNewsTests.xctest; sourceTree = BUILT_PRODUCTS_DIR; };
		0FE92BD827B791C2004E7FC8 /* MyNewsTests.swift */ = {isa = PBXFileReference; lastKnownFileType = sourcecode.swift; path = MyNewsTests.swift; sourceTree = "<group>"; };
		0FE92BDE27B791C2004E7FC8 /* MyNewsUITests.xctest */ = {isa = PBXFileReference; explicitFileType = wrapper.cfbundle; includeInIndex = 0; path = MyNewsUITests.xctest; sourceTree = BUILT_PRODUCTS_DIR; };
		0FE92BE227B791C2004E7FC8 /* MyNewsUITests.swift */ = {isa = PBXFileReference; lastKnownFileType = sourcecode.swift; path = MyNewsUITests.swift; sourceTree = "<group>"; };
		0FE92BE427B791C2004E7FC8 /* MyNewsUITestsLaunchTests.swift */ = {isa = PBXFileReference; lastKnownFileType = sourcecode.swift; path = MyNewsUITestsLaunchTests.swift; sourceTree = "<group>"; };
		25CFE3B569A6D2224EAEEA71 /* Pods-MyNewsTests.release.xcconfig */ = {isa = PBXFileReference; includeInIndex = 1; lastKnownFileType = text.xcconfig; name = "Pods-MyNewsTests.release.xcconfig"; path = "Target Support Files/Pods-MyNewsTests/Pods-MyNewsTests.release.xcconfig"; sourceTree = "<group>"; };
		36BDACC7AEDFA558CD9E01A5 /* Pods-MyNewsTests.debug.xcconfig */ = {isa = PBXFileReference; includeInIndex = 1; lastKnownFileType = text.xcconfig; name = "Pods-MyNewsTests.debug.xcconfig"; path = "Target Support Files/Pods-MyNewsTests/Pods-MyNewsTests.debug.xcconfig"; sourceTree = "<group>"; };
		789A635062EB53A80C75BCE2 /* Pods-MyNews.debug.xcconfig */ = {isa = PBXFileReference; includeInIndex = 1; lastKnownFileType = text.xcconfig; name = "Pods-MyNews.debug.xcconfig"; path = "Target Support Files/Pods-MyNews/Pods-MyNews.debug.xcconfig"; sourceTree = "<group>"; };
		B6D653611EA1DCC5AFB97DD3 /* Pods-MyNews-MyNewsUITests.debug.xcconfig */ = {isa = PBXFileReference; includeInIndex = 1; lastKnownFileType = text.xcconfig; name = "Pods-MyNews-MyNewsUITests.debug.xcconfig"; path = "Target Support Files/Pods-MyNews-MyNewsUITests/Pods-MyNews-MyNewsUITests.debug.xcconfig"; sourceTree = "<group>"; };
		B7EB331008F3B0F446EF86F3 /* Pods-MyNews.release.xcconfig */ = {isa = PBXFileReference; includeInIndex = 1; lastKnownFileType = text.xcconfig; name = "Pods-MyNews.release.xcconfig"; path = "Target Support Files/Pods-MyNews/Pods-MyNews.release.xcconfig"; sourceTree = "<group>"; };
		B98CF21AC9C1B4A932FA8EA3 /* Pods-MyNews-MyNewsUITests.release.xcconfig */ = {isa = PBXFileReference; includeInIndex = 1; lastKnownFileType = text.xcconfig; name = "Pods-MyNews-MyNewsUITests.release.xcconfig"; path = "Target Support Files/Pods-MyNews-MyNewsUITests/Pods-MyNews-MyNewsUITests.release.xcconfig"; sourceTree = "<group>"; };
		C19E3682B4BD7752AF525714 /* Pods_MyNews_MyNewsUITests.framework */ = {isa = PBXFileReference; explicitFileType = wrapper.framework; includeInIndex = 0; path = Pods_MyNews_MyNewsUITests.framework; sourceTree = BUILT_PRODUCTS_DIR; };
		C326436EAAAF611EA55CE98B /* Pods_MyNewsTests.framework */ = {isa = PBXFileReference; explicitFileType = wrapper.framework; includeInIndex = 0; path = Pods_MyNewsTests.framework; sourceTree = BUILT_PRODUCTS_DIR; };
		CB4924D276D65E8EE8B7D81B /* Pods_MyNews.framework */ = {isa = PBXFileReference; explicitFileType = wrapper.framework; includeInIndex = 0; path = Pods_MyNews.framework; sourceTree = BUILT_PRODUCTS_DIR; };
/* End PBXFileReference section */

/* Begin PBXFrameworksBuildPhase section */
		0FE92BBB27B791C2004E7FC8 /* Frameworks */ = {
			isa = PBXFrameworksBuildPhase;
			buildActionMask = 2147483647;
			files = (
				16C061F6677DE9965C6BD498 /* Pods_MyNews.framework in Frameworks */,
			);
			runOnlyForDeploymentPostprocessing = 0;
		};
		0FE92BD127B791C2004E7FC8 /* Frameworks */ = {
			isa = PBXFrameworksBuildPhase;
			buildActionMask = 2147483647;
			files = (
				154D894BE5D334FB4499917A /* Pods_MyNewsTests.framework in Frameworks */,
			);
			runOnlyForDeploymentPostprocessing = 0;
		};
		0FE92BDB27B791C2004E7FC8 /* Frameworks */ = {
			isa = PBXFrameworksBuildPhase;
			buildActionMask = 2147483647;
			files = (
				00F821A756F716443E75CAD9 /* Pods_MyNews_MyNewsUITests.framework in Frameworks */,
			);
			runOnlyForDeploymentPostprocessing = 0;
		};
/* End PBXFrameworksBuildPhase section */

/* Begin PBXGroup section */
		0F12FBFE27B7D72900D45E8E /* Assets */ = {
			isa = PBXGroup;
			children = (
				0FE92BCA27B791C2004E7FC8 /* Assets.xcassets */,
				0F12FC0027B7D78B00D45E8E /* Animations */,
				0F12FBFF27B7D72E00D45E8E /* Fonts */,
			);
			path = Assets;
			sourceTree = "<group>";
		};
		0F12FBFF27B7D72E00D45E8E /* Fonts */ = {
			isa = PBXGroup;
			children = (
				0F12FC0427B7D7B100D45E8E /* Montserrat-Bold.ttf */,
				0F12FC0527B7D7B100D45E8E /* Montserrat-Medium.ttf */,
				0F12FC0127B7D7B000D45E8E /* Montserrat-Regular.ttf */,
				0F12FC0227B7D7B100D45E8E /* Montserrat-SemiBold.ttf */,
				0F12FC0327B7D7B100D45E8E /* Montserrat-Thin.ttf */,
			);
			path = Fonts;
			sourceTree = "<group>";
		};
		0F12FC0027B7D78B00D45E8E /* Animations */ = {
			isa = PBXGroup;
			children = (
				0F12FC3B27B7F6C900D45E8E /* 24987-warning.json */,
				0F12FC4227B802C700D45E8E /* 92490-error-purple.json */,
			);
			path = Animations;
			sourceTree = "<group>";
		};
		0F12FC0C27B7DC9400D45E8E /* Configurations */ = {
			isa = PBXGroup;
			children = (
				0F12FC0D27B7DCA400D45E8E /* Constants.swift */,
			);
			path = Configurations;
			sourceTree = "<group>";
		};
		0F12FC0F27B7DD6800D45E8E /* Services */ = {
			isa = PBXGroup;
			children = (
				0F12FC1027B7DD7B00D45E8E /* NewsApiService.swift */,
				0F12FC4627B82E2F00D45E8E /* LocalDataService.swift */,
			);
			path = Services;
			sourceTree = "<group>";
		};
		0F12FC1227B7DD8500D45E8E /* Models */ = {
			isa = PBXGroup;
			children = (
				0F12FC1D27B7DEAD00D45E8E /* Responses */,
				0F12FC1C27B7DE9D00D45E8E /* Enums */,
				0F12FC1A27B7DE8200D45E8E /* WebResource.swift */,
				0F12FC2227B7DF7F00D45E8E /* Article.swift */,
				0F12FC2427B7DFA400D45E8E /* Source.swift */,
				0F12FC4827B82EBD00D45E8E /* Country.swift */,
			);
			path = Models;
			sourceTree = "<group>";
		};
		0F12FC1327B7DD9200D45E8E /* Utils */ = {
			isa = PBXGroup;
			children = (
				0F12FC1427B7DDA600D45E8E /* DeviceNetworkMonitor.swift */,
				0F12FC1627B7DDFA00D45E8E /* DebuggingLogger.swift */,
				0F12FC1827B7DE1600D45E8E /* ColorUtils.swift */,
				0F12FC5D27B84EFF00D45E8E /* DateExtension.swift */,
			);
			path = Utils;
			sourceTree = "<group>";
		};
		0F12FC1C27B7DE9D00D45E8E /* Enums */ = {
			isa = PBXGroup;
			children = (
				0F12FC1E27B7DEBE00D45E8E /* APICallError.swift */,
				0F12FC2027B7DED100D45E8E /* HttpMethod.swift */,
			);
			path = Enums;
			sourceTree = "<group>";
		};
		0F12FC1D27B7DEAD00D45E8E /* Responses */ = {
			isa = PBXGroup;
			children = (
				0F12FC2627B7E01200D45E8E /* NewsApiResponse.swift */,
				0F12FC2827B7E0A700D45E8E /* NewsApiErrorResponse.swift */,
			);
			path = Responses;
			sourceTree = "<group>";
		};
		0F12FC2A27B7E13200D45E8E /* View Models */ = {
			isa = PBXGroup;
			children = (
				0F12FC2B27B7E17B00D45E8E /* ArticleViewModel.swift */,
				0F12FC2D27B7E47C00D45E8E /* ArticleListViewModel.swift */,
				0F12FC5027B8359700D45E8E /* CountryViewModel.swift */,
				0F12FC5227B8361F00D45E8E /* CountryListViewModel.swift */,
				0F12FC5927B83C6B00D45E8E /* SettingsViewModel.swift */,
			);
			path = "View Models";
			sourceTree = "<group>";
		};
		0F12FC2F27B7E7AC00D45E8E /* Usecases */ = {
			isa = PBXGroup;
			children = (
				0F12FC3027B7E8DD00D45E8E /* Protocols */,
				0F12FC3327B7E9C200D45E8E /* HeadlinesUseCaseImp.swift */,
				0F12FC4C27B832E100D45E8E /* CountriesUseCaseImp.swift */,
			);
			path = Usecases;
			sourceTree = "<group>";
		};
		0F12FC3027B7E8DD00D45E8E /* Protocols */ = {
			isa = PBXGroup;
			children = (
				0F12FC3127B7E91600D45E8E /* HeadlinesUseCase.swift */,
				0F12FC4A27B831EF00D45E8E /* CountriesUseCase.swift */,
			);
			path = Protocols;
			sourceTree = "<group>";
		};
		0F12FC3527B7ED7E00D45E8E /* View Controllers */ = {
			isa = PBXGroup;
			children = (
				0F12FC5427B836E300D45E8E /* Countries View Controller Extensions */,
				0F12FC3D27B7F8AD00D45E8E /* Headlines View Controller Extensions */,
				0F12FC3627B7EE2E00D45E8E /* HeadlinesViewController.swift */,
				0F12FC4427B805FB00D45E8E /* ArticleViewController.swift */,
				0F12FC4E27B8342200D45E8E /* CountriesViewController.swift */,
			);
			path = "View Controllers";
			sourceTree = "<group>";
		};
		0F12FC3827B7F5E000D45E8E /* Cells */ = {
			isa = PBXGroup;
			children = (
				0F12FC3927B7F61800D45E8E /* HeadlinesTableViewCell.swift */,
				0F12FC5727B8379400D45E8E /* CountriesTableViewCell.swift */,
			);
			path = Cells;
			sourceTree = "<group>";
		};
		0F12FC3D27B7F8AD00D45E8E /* Headlines View Controller Extensions */ = {
			isa = PBXGroup;
			children = (
				0F12FC3E27B7F8F600D45E8E /* HeadlinesViewControllerTableViewExt.swift */,
				0F12FC4027B7FD1A00D45E8E /* HeadlinesViewControllerStateManagementExt.swift */,
				0F12FC5B27B83F1C00D45E8E /* HeadlinesViewControllerSettingsExt.swift */,
			);
			path = "Headlines View Controller Extensions";
			sourceTree = "<group>";
		};
		0F12FC5427B836E300D45E8E /* Countries View Controller Extensions */ = {
			isa = PBXGroup;
			children = (
				0F12FC5527B8370500D45E8E /* CountriesViewControllerTableViewExt.swift */,
			);
			path = "Countries View Controller Extensions";
			sourceTree = "<group>";
		};
		0FE92BB527B791C2004E7FC8 = {
			isa = PBXGroup;
			children = (
				0FE92BC027B791C2004E7FC8 /* MyNews */,
				0FE92BD727B791C2004E7FC8 /* MyNewsTests */,
				0FE92BE127B791C2004E7FC8 /* MyNewsUITests */,
				0FE92BBF27B791C2004E7FC8 /* Products */,
				405675529113221B33C4B6D8 /* Pods */,
				3527AAE7BA225C47B6E171E7 /* Frameworks */,
			);
			sourceTree = "<group>";
		};
		0FE92BBF27B791C2004E7FC8 /* Products */ = {
			isa = PBXGroup;
			children = (
				0FE92BBE27B791C2004E7FC8 /* MyNews.app */,
				0FE92BD427B791C2004E7FC8 /* MyNewsTests.xctest */,
				0FE92BDE27B791C2004E7FC8 /* MyNewsUITests.xctest */,
			);
			name = Products;
			sourceTree = "<group>";
		};
		0FE92BC027B791C2004E7FC8 /* MyNews */ = {
			isa = PBXGroup;
			children = (
				0F12FC3827B7F5E000D45E8E /* Cells */,
				0F12FC3527B7ED7E00D45E8E /* View Controllers */,
				0F12FC2F27B7E7AC00D45E8E /* Usecases */,
				0F12FC2A27B7E13200D45E8E /* View Models */,
				0F12FC1327B7DD9200D45E8E /* Utils */,
				0F12FC1227B7DD8500D45E8E /* Models */,
				0F12FC0F27B7DD6800D45E8E /* Services */,
				0F12FC0C27B7DC9400D45E8E /* Configurations */,
				0F12FBFE27B7D72900D45E8E /* Assets */,
				0FE92BC127B791C2004E7FC8 /* AppDelegate.swift */,
				0FE92BC327B791C2004E7FC8 /* SceneDelegate.swift */,
				0FE92BC727B791C2004E7FC8 /* Main.storyboard */,
				0FE92BCC27B791C2004E7FC8 /* LaunchScreen.storyboard */,
				0F12FBFC27B7D66E00D45E8E /* GoogleService-Info.plist */,
				0FE92BCF27B791C2004E7FC8 /* Info.plist */,
			);
			path = MyNews;
			sourceTree = "<group>";
		};
		0FE92BD727B791C2004E7FC8 /* MyNewsTests */ = {
			isa = PBXGroup;
			children = (
				0FE92BD827B791C2004E7FC8 /* MyNewsTests.swift */,
			);
			path = MyNewsTests;
			sourceTree = "<group>";
		};
		0FE92BE127B791C2004E7FC8 /* MyNewsUITests */ = {
			isa = PBXGroup;
			children = (
				0FE92BE227B791C2004E7FC8 /* MyNewsUITests.swift */,
				0FE92BE427B791C2004E7FC8 /* MyNewsUITestsLaunchTests.swift */,
			);
			path = MyNewsUITests;
			sourceTree = "<group>";
		};
		3527AAE7BA225C47B6E171E7 /* Frameworks */ = {
			isa = PBXGroup;
			children = (
				CB4924D276D65E8EE8B7D81B /* Pods_MyNews.framework */,
				C19E3682B4BD7752AF525714 /* Pods_MyNews_MyNewsUITests.framework */,
				C326436EAAAF611EA55CE98B /* Pods_MyNewsTests.framework */,
			);
			name = Frameworks;
			sourceTree = "<group>";
		};
		405675529113221B33C4B6D8 /* Pods */ = {
			isa = PBXGroup;
			children = (
				789A635062EB53A80C75BCE2 /* Pods-MyNews.debug.xcconfig */,
				B7EB331008F3B0F446EF86F3 /* Pods-MyNews.release.xcconfig */,
				B6D653611EA1DCC5AFB97DD3 /* Pods-MyNews-MyNewsUITests.debug.xcconfig */,
				B98CF21AC9C1B4A932FA8EA3 /* Pods-MyNews-MyNewsUITests.release.xcconfig */,
				36BDACC7AEDFA558CD9E01A5 /* Pods-MyNewsTests.debug.xcconfig */,
				25CFE3B569A6D2224EAEEA71 /* Pods-MyNewsTests.release.xcconfig */,
			);
			path = Pods;
			sourceTree = "<group>";
		};
/* End PBXGroup section */

/* Begin PBXNativeTarget section */
		0FE92BBD27B791C2004E7FC8 /* MyNews */ = {
			isa = PBXNativeTarget;
			buildConfigurationList = 0FE92BE827B791C2004E7FC8 /* Build configuration list for PBXNativeTarget "MyNews" */;
			buildPhases = (
				52F8B5B9FF626631A9A3CC8B /* [CP] Check Pods Manifest.lock */,
				0FE92BBA27B791C2004E7FC8 /* Sources */,
				0FE92BBB27B791C2004E7FC8 /* Frameworks */,
				0FE92BBC27B791C2004E7FC8 /* Resources */,
				CD0B89104C754AAA7CAD65BC /* [CP] Embed Pods Frameworks */,
				0F12FC0B27B7DAB900D45E8E /* ShellScript */,
			);
			buildRules = (
			);
			dependencies = (
			);
			name = MyNews;
			productName = MyNews;
			productReference = 0FE92BBE27B791C2004E7FC8 /* MyNews.app */;
			productType = "com.apple.product-type.application";
		};
		0FE92BD327B791C2004E7FC8 /* MyNewsTests */ = {
			isa = PBXNativeTarget;
			buildConfigurationList = 0FE92BEB27B791C2004E7FC8 /* Build configuration list for PBXNativeTarget "MyNewsTests" */;
			buildPhases = (
				C146968C9D138FC936E5C823 /* [CP] Check Pods Manifest.lock */,
				0FE92BD027B791C2004E7FC8 /* Sources */,
				0FE92BD127B791C2004E7FC8 /* Frameworks */,
				0FE92BD227B791C2004E7FC8 /* Resources */,
			);
			buildRules = (
			);
			dependencies = (
				0FE92BD627B791C2004E7FC8 /* PBXTargetDependency */,
			);
			name = MyNewsTests;
			productName = MyNewsTests;
			productReference = 0FE92BD427B791C2004E7FC8 /* MyNewsTests.xctest */;
			productType = "com.apple.product-type.bundle.unit-test";
		};
		0FE92BDD27B791C2004E7FC8 /* MyNewsUITests */ = {
			isa = PBXNativeTarget;
			buildConfigurationList = 0FE92BEE27B791C2004E7FC8 /* Build configuration list for PBXNativeTarget "MyNewsUITests" */;
			buildPhases = (
				E0C51807A68C7CB0332E064A /* [CP] Check Pods Manifest.lock */,
				0FE92BDA27B791C2004E7FC8 /* Sources */,
				0FE92BDB27B791C2004E7FC8 /* Frameworks */,
				0FE92BDC27B791C2004E7FC8 /* Resources */,
				A7284778453E0649E3468818 /* [CP] Embed Pods Frameworks */,
			);
			buildRules = (
			);
			dependencies = (
				0FE92BE027B791C2004E7FC8 /* PBXTargetDependency */,
			);
			name = MyNewsUITests;
			productName = MyNewsUITests;
			productReference = 0FE92BDE27B791C2004E7FC8 /* MyNewsUITests.xctest */;
			productType = "com.apple.product-type.bundle.ui-testing";
		};
/* End PBXNativeTarget section */

/* Begin PBXProject section */
		0FE92BB627B791C2004E7FC8 /* Project object */ = {
			isa = PBXProject;
			attributes = {
				BuildIndependentTargetsInParallel = 1;
				LastSwiftUpdateCheck = 1320;
				LastUpgradeCheck = 1320;
				TargetAttributes = {
					0FE92BBD27B791C2004E7FC8 = {
						CreatedOnToolsVersion = 13.2.1;
					};
					0FE92BD327B791C2004E7FC8 = {
						CreatedOnToolsVersion = 13.2.1;
						TestTargetID = 0FE92BBD27B791C2004E7FC8;
					};
					0FE92BDD27B791C2004E7FC8 = {
						CreatedOnToolsVersion = 13.2.1;
						TestTargetID = 0FE92BBD27B791C2004E7FC8;
					};
				};
			};
			buildConfigurationList = 0FE92BB927B791C2004E7FC8 /* Build configuration list for PBXProject "MyNews" */;
			compatibilityVersion = "Xcode 13.0";
			developmentRegion = en;
			hasScannedForEncodings = 0;
			knownRegions = (
				en,
				Base,
			);
			mainGroup = 0FE92BB527B791C2004E7FC8;
			productRefGroup = 0FE92BBF27B791C2004E7FC8 /* Products */;
			projectDirPath = "";
			projectRoot = "";
			targets = (
				0FE92BBD27B791C2004E7FC8 /* MyNews */,
				0FE92BD327B791C2004E7FC8 /* MyNewsTests */,
				0FE92BDD27B791C2004E7FC8 /* MyNewsUITests */,
			);
		};
/* End PBXProject section */

/* Begin PBXResourcesBuildPhase section */
		0FE92BBC27B791C2004E7FC8 /* Resources */ = {
			isa = PBXResourcesBuildPhase;
			buildActionMask = 2147483647;
			files = (
				0FE92BCE27B791C2004E7FC8 /* LaunchScreen.storyboard in Resources */,
				0F12FBFD27B7D66E00D45E8E /* GoogleService-Info.plist in Resources */,
				0F12FC0727B7D7BF00D45E8E /* Montserrat-Bold.ttf in Resources */,
				0FE92BCB27B791C2004E7FC8 /* Assets.xcassets in Resources */,
				0F12FC0627B7D7BF00D45E8E /* Montserrat-Regular.ttf in Resources */,
				0FE92BC927B791C2004E7FC8 /* Main.storyboard in Resources */,
				0F12FC0927B7D7BF00D45E8E /* Montserrat-SemiBold.ttf in Resources */,
				0F12FC0A27B7D7BF00D45E8E /* Montserrat-Medium.ttf in Resources */,
				0F12FC4327B802C700D45E8E /* 92490-error-purple.json in Resources */,
				0F12FC0827B7D7BF00D45E8E /* Montserrat-Thin.ttf in Resources */,
				0F12FC3C27B7F6C900D45E8E /* 24987-warning.json in Resources */,
			);
			runOnlyForDeploymentPostprocessing = 0;
		};
		0FE92BD227B791C2004E7FC8 /* Resources */ = {
			isa = PBXResourcesBuildPhase;
			buildActionMask = 2147483647;
			files = (
			);
			runOnlyForDeploymentPostprocessing = 0;
		};
		0FE92BDC27B791C2004E7FC8 /* Resources */ = {
			isa = PBXResourcesBuildPhase;
			buildActionMask = 2147483647;
			files = (
			);
			runOnlyForDeploymentPostprocessing = 0;
		};
/* End PBXResourcesBuildPhase section */

/* Begin PBXShellScriptBuildPhase section */
		0F12FC0B27B7DAB900D45E8E /* ShellScript */ = {
			isa = PBXShellScriptBuildPhase;
			buildActionMask = 2147483647;
			files = (
			);
			inputFileListPaths = (
			);
			inputPaths = (
				"${DWARF_DSYM_FOLDER_PATH}/${DWARF_DSYM_FILE_NAME}/Contents/Resources/DWARF/${TARGET_NAME}",
				"$(SRCROOT)/$(BUILT_PRODUCTS_DIR)/$(INFOPLIST_PATH)",
			);
			outputFileListPaths = (
			);
			outputPaths = (
			);
			runOnlyForDeploymentPostprocessing = 0;
			shellPath = /bin/sh;
			shellScript = "\"${PODS_ROOT}/FirebaseCrashlytics/run\"\n";
		};
		52F8B5B9FF626631A9A3CC8B /* [CP] Check Pods Manifest.lock */ = {
			isa = PBXShellScriptBuildPhase;
			buildActionMask = 2147483647;
			files = (
			);
			inputFileListPaths = (
			);
			inputPaths = (
				"${PODS_PODFILE_DIR_PATH}/Podfile.lock",
				"${PODS_ROOT}/Manifest.lock",
			);
			name = "[CP] Check Pods Manifest.lock";
			outputFileListPaths = (
			);
			outputPaths = (
				"$(DERIVED_FILE_DIR)/Pods-MyNews-checkManifestLockResult.txt",
			);
			runOnlyForDeploymentPostprocessing = 0;
			shellPath = /bin/sh;
			shellScript = "diff \"${PODS_PODFILE_DIR_PATH}/Podfile.lock\" \"${PODS_ROOT}/Manifest.lock\" > /dev/null\nif [ $? != 0 ] ; then\n    # print error to STDERR\n    echo \"error: The sandbox is not in sync with the Podfile.lock. Run 'pod install' or update your CocoaPods installation.\" >&2\n    exit 1\nfi\n# This output is used by Xcode 'outputs' to avoid re-running this script phase.\necho \"SUCCESS\" > \"${SCRIPT_OUTPUT_FILE_0}\"\n";
			showEnvVarsInLog = 0;
		};
		A7284778453E0649E3468818 /* [CP] Embed Pods Frameworks */ = {
			isa = PBXShellScriptBuildPhase;
			buildActionMask = 2147483647;
			files = (
			);
			inputFileListPaths = (
				"${PODS_ROOT}/Target Support Files/Pods-MyNews-MyNewsUITests/Pods-MyNews-MyNewsUITests-frameworks-${CONFIGURATION}-input-files.xcfilelist",
			);
			name = "[CP] Embed Pods Frameworks";
			outputFileListPaths = (
				"${PODS_ROOT}/Target Support Files/Pods-MyNews-MyNewsUITests/Pods-MyNews-MyNewsUITests-frameworks-${CONFIGURATION}-output-files.xcfilelist",
			);
			runOnlyForDeploymentPostprocessing = 0;
			shellPath = /bin/sh;
			shellScript = "\"${PODS_ROOT}/Target Support Files/Pods-MyNews-MyNewsUITests/Pods-MyNews-MyNewsUITests-frameworks.sh\"\n";
			showEnvVarsInLog = 0;
		};
		C146968C9D138FC936E5C823 /* [CP] Check Pods Manifest.lock */ = {
			isa = PBXShellScriptBuildPhase;
			buildActionMask = 2147483647;
			files = (
			);
			inputFileListPaths = (
			);
			inputPaths = (
				"${PODS_PODFILE_DIR_PATH}/Podfile.lock",
				"${PODS_ROOT}/Manifest.lock",
			);
			name = "[CP] Check Pods Manifest.lock";
			outputFileListPaths = (
			);
			outputPaths = (
				"$(DERIVED_FILE_DIR)/Pods-MyNewsTests-checkManifestLockResult.txt",
			);
			runOnlyForDeploymentPostprocessing = 0;
			shellPath = /bin/sh;
			shellScript = "diff \"${PODS_PODFILE_DIR_PATH}/Podfile.lock\" \"${PODS_ROOT}/Manifest.lock\" > /dev/null\nif [ $? != 0 ] ; then\n    # print error to STDERR\n    echo \"error: The sandbox is not in sync with the Podfile.lock. Run 'pod install' or update your CocoaPods installation.\" >&2\n    exit 1\nfi\n# This output is used by Xcode 'outputs' to avoid re-running this script phase.\necho \"SUCCESS\" > \"${SCRIPT_OUTPUT_FILE_0}\"\n";
			showEnvVarsInLog = 0;
		};
		CD0B89104C754AAA7CAD65BC /* [CP] Embed Pods Frameworks */ = {
			isa = PBXShellScriptBuildPhase;
			buildActionMask = 2147483647;
			files = (
			);
			inputFileListPaths = (
				"${PODS_ROOT}/Target Support Files/Pods-MyNews/Pods-MyNews-frameworks-${CONFIGURATION}-input-files.xcfilelist",
			);
			name = "[CP] Embed Pods Frameworks";
			outputFileListPaths = (
				"${PODS_ROOT}/Target Support Files/Pods-MyNews/Pods-MyNews-frameworks-${CONFIGURATION}-output-files.xcfilelist",
			);
			runOnlyForDeploymentPostprocessing = 0;
			shellPath = /bin/sh;
			shellScript = "\"${PODS_ROOT}/Target Support Files/Pods-MyNews/Pods-MyNews-frameworks.sh\"\n";
			showEnvVarsInLog = 0;
		};
		E0C51807A68C7CB0332E064A /* [CP] Check Pods Manifest.lock */ = {
			isa = PBXShellScriptBuildPhase;
			buildActionMask = 2147483647;
			files = (
			);
			inputFileListPaths = (
			);
			inputPaths = (
				"${PODS_PODFILE_DIR_PATH}/Podfile.lock",
				"${PODS_ROOT}/Manifest.lock",
			);
			name = "[CP] Check Pods Manifest.lock";
			outputFileListPaths = (
			);
			outputPaths = (
				"$(DERIVED_FILE_DIR)/Pods-MyNews-MyNewsUITests-checkManifestLockResult.txt",
			);
			runOnlyForDeploymentPostprocessing = 0;
			shellPath = /bin/sh;
			shellScript = "diff \"${PODS_PODFILE_DIR_PATH}/Podfile.lock\" \"${PODS_ROOT}/Manifest.lock\" > /dev/null\nif [ $? != 0 ] ; then\n    # print error to STDERR\n    echo \"error: The sandbox is not in sync with the Podfile.lock. Run 'pod install' or update your CocoaPods installation.\" >&2\n    exit 1\nfi\n# This output is used by Xcode 'outputs' to avoid re-running this script phase.\necho \"SUCCESS\" > \"${SCRIPT_OUTPUT_FILE_0}\"\n";
			showEnvVarsInLog = 0;
		};
/* End PBXShellScriptBuildPhase section */

/* Begin PBXSourcesBuildPhase section */
		0FE92BBA27B791C2004E7FC8 /* Sources */ = {
			isa = PBXSourcesBuildPhase;
			buildActionMask = 2147483647;
			files = (
				0F12FC4527B805FB00D45E8E /* ArticleViewController.swift in Sources */,
				0F12FC5E27B84EFF00D45E8E /* DateExtension.swift in Sources */,
				0F12FC2C27B7E17B00D45E8E /* ArticleViewModel.swift in Sources */,
				0F12FC3F27B7F8F600D45E8E /* HeadlinesViewControllerTableViewExt.swift in Sources */,
				0F12FC5C27B83F1C00D45E8E /* HeadlinesViewControllerSettingsExt.swift in Sources */,
				0F12FC5327B8361F00D45E8E /* CountryListViewModel.swift in Sources */,
				0F12FC1F27B7DEBE00D45E8E /* APICallError.swift in Sources */,
				0F12FC2E27B7E47C00D45E8E /* ArticleListViewModel.swift in Sources */,
				0F12FC1127B7DD7B00D45E8E /* NewsApiService.swift in Sources */,
				0FE92BC227B791C2004E7FC8 /* AppDelegate.swift in Sources */,
				0F12FC5A27B83C6B00D45E8E /* SettingsViewModel.swift in Sources */,
				0F12FC4D27B832E100D45E8E /* CountriesUseCaseImp.swift in Sources */,
				0F12FC4727B82E2F00D45E8E /* LocalDataService.swift in Sources */,
				0F12FC4927B82EBD00D45E8E /* Country.swift in Sources */,
				0F12FC2127B7DED100D45E8E /* HttpMethod.swift in Sources */,
				0F12FC1927B7DE1600D45E8E /* ColorUtils.swift in Sources */,
				0F12FC3A27B7F61800D45E8E /* HeadlinesTableViewCell.swift in Sources */,
				0F12FC5127B8359700D45E8E /* CountryViewModel.swift in Sources */,
				0F12FC4B27B831EF00D45E8E /* CountriesUseCase.swift in Sources */,
				0F12FC1527B7DDA600D45E8E /* DeviceNetworkMonitor.swift in Sources */,
				0F12FC4F27B8342200D45E8E /* CountriesViewController.swift in Sources */,
				0FE92BC427B791C2004E7FC8 /* SceneDelegate.swift in Sources */,
				0F12FC2327B7DF7F00D45E8E /* Article.swift in Sources */,
				0F12FC1B27B7DE8200D45E8E /* WebResource.swift in Sources */,
				0F12FC4127B7FD1B00D45E8E /* HeadlinesViewControllerStateManagementExt.swift in Sources */,
				0F12FC5827B8379400D45E8E /* CountriesTableViewCell.swift in Sources */,
				0F12FC3427B7E9C200D45E8E /* HeadlinesUseCaseImp.swift in Sources */,
				0F12FC0E27B7DCA400D45E8E /* Constants.swift in Sources */,
				0F12FC1727B7DDFA00D45E8E /* DebuggingLogger.swift in Sources */,
				0F12FC3227B7E91600D45E8E /* HeadlinesUseCase.swift in Sources */,
				0F12FC3727B7EE2E00D45E8E /* HeadlinesViewController.swift in Sources */,
				0F12FC5627B8370500D45E8E /* CountriesViewControllerTableViewExt.swift in Sources */,
				0F12FC2727B7E01200D45E8E /* NewsApiResponse.swift in Sources */,
				0F12FC2527B7DFA400D45E8E /* Source.swift in Sources */,
				0F12FC2927B7E0A700D45E8E /* NewsApiErrorResponse.swift in Sources */,
			);
			runOnlyForDeploymentPostprocessing = 0;
		};
		0FE92BD027B791C2004E7FC8 /* Sources */ = {
			isa = PBXSourcesBuildPhase;
			buildActionMask = 2147483647;
			files = (
				0FE92BD927B791C2004E7FC8 /* MyNewsTests.swift in Sources */,
			);
			runOnlyForDeploymentPostprocessing = 0;
		};
		0FE92BDA27B791C2004E7FC8 /* Sources */ = {
			isa = PBXSourcesBuildPhase;
			buildActionMask = 2147483647;
			files = (
				0FE92BE327B791C2004E7FC8 /* MyNewsUITests.swift in Sources */,
				0FE92BE527B791C2004E7FC8 /* MyNewsUITestsLaunchTests.swift in Sources */,
			);
			runOnlyForDeploymentPostprocessing = 0;
		};
/* End PBXSourcesBuildPhase section */

/* Begin PBXTargetDependency section */
		0FE92BD627B791C2004E7FC8 /* PBXTargetDependency */ = {
			isa = PBXTargetDependency;
			target = 0FE92BBD27B791C2004E7FC8 /* MyNews */;
			targetProxy = 0FE92BD527B791C2004E7FC8 /* PBXContainerItemProxy */;
		};
		0FE92BE027B791C2004E7FC8 /* PBXTargetDependency */ = {
			isa = PBXTargetDependency;
			target = 0FE92BBD27B791C2004E7FC8 /* MyNews */;
			targetProxy = 0FE92BDF27B791C2004E7FC8 /* PBXContainerItemProxy */;
		};
/* End PBXTargetDependency section */

/* Begin PBXVariantGroup section */
		0FE92BC727B791C2004E7FC8 /* Main.storyboard */ = {
			isa = PBXVariantGroup;
			children = (
				0FE92BC827B791C2004E7FC8 /* Base */,
			);
			name = Main.storyboard;
			sourceTree = "<group>";
		};
		0FE92BCC27B791C2004E7FC8 /* LaunchScreen.storyboard */ = {
			isa = PBXVariantGroup;
			children = (
				0FE92BCD27B791C2004E7FC8 /* Base */,
			);
			name = LaunchScreen.storyboard;
			sourceTree = "<group>";
		};
/* End PBXVariantGroup section */

/* Begin XCBuildConfiguration section */
		0FE92BE627B791C2004E7FC8 /* Debug */ = {
			isa = XCBuildConfiguration;
			buildSettings = {
				ALWAYS_SEARCH_USER_PATHS = NO;
				CLANG_ANALYZER_NONNULL = YES;
				CLANG_ANALYZER_NUMBER_OBJECT_CONVERSION = YES_AGGRESSIVE;
				CLANG_CXX_LANGUAGE_STANDARD = "gnu++17";
				CLANG_CXX_LIBRARY = "libc++";
				CLANG_ENABLE_MODULES = YES;
				CLANG_ENABLE_OBJC_ARC = YES;
				CLANG_ENABLE_OBJC_WEAK = YES;
				CLANG_WARN_BLOCK_CAPTURE_AUTORELEASING = YES;
				CLANG_WARN_BOOL_CONVERSION = YES;
				CLANG_WARN_COMMA = YES;
				CLANG_WARN_CONSTANT_CONVERSION = YES;
				CLANG_WARN_DEPRECATED_OBJC_IMPLEMENTATIONS = YES;
				CLANG_WARN_DIRECT_OBJC_ISA_USAGE = YES_ERROR;
				CLANG_WARN_DOCUMENTATION_COMMENTS = YES;
				CLANG_WARN_EMPTY_BODY = YES;
				CLANG_WARN_ENUM_CONVERSION = YES;
				CLANG_WARN_INFINITE_RECURSION = YES;
				CLANG_WARN_INT_CONVERSION = YES;
				CLANG_WARN_NON_LITERAL_NULL_CONVERSION = YES;
				CLANG_WARN_OBJC_IMPLICIT_RETAIN_SELF = YES;
				CLANG_WARN_OBJC_LITERAL_CONVERSION = YES;
				CLANG_WARN_OBJC_ROOT_CLASS = YES_ERROR;
				CLANG_WARN_QUOTED_INCLUDE_IN_FRAMEWORK_HEADER = YES;
				CLANG_WARN_RANGE_LOOP_ANALYSIS = YES;
				CLANG_WARN_STRICT_PROTOTYPES = YES;
				CLANG_WARN_SUSPICIOUS_MOVE = YES;
				CLANG_WARN_UNGUARDED_AVAILABILITY = YES_AGGRESSIVE;
				CLANG_WARN_UNREACHABLE_CODE = YES;
				CLANG_WARN__DUPLICATE_METHOD_MATCH = YES;
				COPY_PHASE_STRIP = NO;
				DEBUG_INFORMATION_FORMAT = dwarf;
				ENABLE_STRICT_OBJC_MSGSEND = YES;
				ENABLE_TESTABILITY = YES;
				GCC_C_LANGUAGE_STANDARD = gnu11;
				GCC_DYNAMIC_NO_PIC = NO;
				GCC_NO_COMMON_BLOCKS = YES;
				GCC_OPTIMIZATION_LEVEL = 0;
				GCC_PREPROCESSOR_DEFINITIONS = (
					"DEBUG=1",
					"$(inherited)",
				);
				GCC_WARN_64_TO_32_BIT_CONVERSION = YES;
				GCC_WARN_ABOUT_RETURN_TYPE = YES_ERROR;
				GCC_WARN_UNDECLARED_SELECTOR = YES;
				GCC_WARN_UNINITIALIZED_AUTOS = YES_AGGRESSIVE;
				GCC_WARN_UNUSED_FUNCTION = YES;
				GCC_WARN_UNUSED_VARIABLE = YES;
				IPHONEOS_DEPLOYMENT_TARGET = 15.2;
				MTL_ENABLE_DEBUG_INFO = INCLUDE_SOURCE;
				MTL_FAST_MATH = YES;
				ONLY_ACTIVE_ARCH = YES;
				SDKROOT = iphoneos;
				SWIFT_ACTIVE_COMPILATION_CONDITIONS = DEBUG;
				SWIFT_OPTIMIZATION_LEVEL = "-Onone";
			};
			name = Debug;
		};
		0FE92BE727B791C2004E7FC8 /* Release */ = {
			isa = XCBuildConfiguration;
			buildSettings = {
				ALWAYS_SEARCH_USER_PATHS = NO;
				CLANG_ANALYZER_NONNULL = YES;
				CLANG_ANALYZER_NUMBER_OBJECT_CONVERSION = YES_AGGRESSIVE;
				CLANG_CXX_LANGUAGE_STANDARD = "gnu++17";
				CLANG_CXX_LIBRARY = "libc++";
				CLANG_ENABLE_MODULES = YES;
				CLANG_ENABLE_OBJC_ARC = YES;
				CLANG_ENABLE_OBJC_WEAK = YES;
				CLANG_WARN_BLOCK_CAPTURE_AUTORELEASING = YES;
				CLANG_WARN_BOOL_CONVERSION = YES;
				CLANG_WARN_COMMA = YES;
				CLANG_WARN_CONSTANT_CONVERSION = YES;
				CLANG_WARN_DEPRECATED_OBJC_IMPLEMENTATIONS = YES;
				CLANG_WARN_DIRECT_OBJC_ISA_USAGE = YES_ERROR;
				CLANG_WARN_DOCUMENTATION_COMMENTS = YES;
				CLANG_WARN_EMPTY_BODY = YES;
				CLANG_WARN_ENUM_CONVERSION = YES;
				CLANG_WARN_INFINITE_RECURSION = YES;
				CLANG_WARN_INT_CONVERSION = YES;
				CLANG_WARN_NON_LITERAL_NULL_CONVERSION = YES;
				CLANG_WARN_OBJC_IMPLICIT_RETAIN_SELF = YES;
				CLANG_WARN_OBJC_LITERAL_CONVERSION = YES;
				CLANG_WARN_OBJC_ROOT_CLASS = YES_ERROR;
				CLANG_WARN_QUOTED_INCLUDE_IN_FRAMEWORK_HEADER = YES;
				CLANG_WARN_RANGE_LOOP_ANALYSIS = YES;
				CLANG_WARN_STRICT_PROTOTYPES = YES;
				CLANG_WARN_SUSPICIOUS_MOVE = YES;
				CLANG_WARN_UNGUARDED_AVAILABILITY = YES_AGGRESSIVE;
				CLANG_WARN_UNREACHABLE_CODE = YES;
				CLANG_WARN__DUPLICATE_METHOD_MATCH = YES;
				COPY_PHASE_STRIP = NO;
				DEBUG_INFORMATION_FORMAT = "dwarf-with-dsym";
				ENABLE_NS_ASSERTIONS = NO;
				ENABLE_STRICT_OBJC_MSGSEND = YES;
				GCC_C_LANGUAGE_STANDARD = gnu11;
				GCC_NO_COMMON_BLOCKS = YES;
				GCC_WARN_64_TO_32_BIT_CONVERSION = YES;
				GCC_WARN_ABOUT_RETURN_TYPE = YES_ERROR;
				GCC_WARN_UNDECLARED_SELECTOR = YES;
				GCC_WARN_UNINITIALIZED_AUTOS = YES_AGGRESSIVE;
				GCC_WARN_UNUSED_FUNCTION = YES;
				GCC_WARN_UNUSED_VARIABLE = YES;
				IPHONEOS_DEPLOYMENT_TARGET = 15.2;
				MTL_ENABLE_DEBUG_INFO = NO;
				MTL_FAST_MATH = YES;
				SDKROOT = iphoneos;
				SWIFT_COMPILATION_MODE = wholemodule;
				SWIFT_OPTIMIZATION_LEVEL = "-O";
				VALIDATE_PRODUCT = YES;
			};
			name = Release;
		};
		0FE92BE927B791C2004E7FC8 /* Debug */ = {
			isa = XCBuildConfiguration;
			baseConfigurationReference = 789A635062EB53A80C75BCE2 /* Pods-MyNews.debug.xcconfig */;
			buildSettings = {
				ASSETCATALOG_COMPILER_APPICON_NAME = AppIcon;
				ASSETCATALOG_COMPILER_GLOBAL_ACCENT_COLOR_NAME = AccentColor;
				CODE_SIGN_STYLE = Automatic;
				CURRENT_PROJECT_VERSION = 1;
				DEBUG_INFORMATION_FORMAT = "dwarf-with-dsym";
				DEVELOPMENT_TEAM = 2PZ4C72D4M;
				GENERATE_INFOPLIST_FILE = YES;
				INFOPLIST_FILE = MyNews/Info.plist;
				INFOPLIST_KEY_UIApplicationSupportsIndirectInputEvents = YES;
				INFOPLIST_KEY_UILaunchStoryboardName = LaunchScreen;
				INFOPLIST_KEY_UIMainStoryboardFile = Main;
				INFOPLIST_KEY_UISupportedInterfaceOrientations = UIInterfaceOrientationPortrait;
				INFOPLIST_KEY_UISupportedInterfaceOrientations_iPad = "UIInterfaceOrientationPortrait UIInterfaceOrientationPortraitUpsideDown UIInterfaceOrientationLandscapeLeft UIInterfaceOrientationLandscapeRight";
				INFOPLIST_KEY_UISupportedInterfaceOrientations_iPhone = "UIInterfaceOrientationPortrait UIInterfaceOrientationLandscapeLeft UIInterfaceOrientationLandscapeRight";
				LD_RUNPATH_SEARCH_PATHS = (
					"$(inherited)",
					"@executable_path/Frameworks",
				);
				MARKETING_VERSION = 1.0;
				PRODUCT_BUNDLE_IDENTIFIER = za.co.kardiak.mynews;
				PRODUCT_NAME = "$(TARGET_NAME)";
				SWIFT_EMIT_LOC_STRINGS = YES;
				SWIFT_VERSION = 5.0;
				TARGETED_DEVICE_FAMILY = 1;
			};
			name = Debug;
		};
		0FE92BEA27B791C2004E7FC8 /* Release */ = {
			isa = XCBuildConfiguration;
			baseConfigurationReference = B7EB331008F3B0F446EF86F3 /* Pods-MyNews.release.xcconfig */;
			buildSettings = {
				ASSETCATALOG_COMPILER_APPICON_NAME = AppIcon;
				ASSETCATALOG_COMPILER_GLOBAL_ACCENT_COLOR_NAME = AccentColor;
				CODE_SIGN_STYLE = Automatic;
				CURRENT_PROJECT_VERSION = 1;
				DEVELOPMENT_TEAM = 2PZ4C72D4M;
				GENERATE_INFOPLIST_FILE = YES;
				INFOPLIST_FILE = MyNews/Info.plist;
				INFOPLIST_KEY_UIApplicationSupportsIndirectInputEvents = YES;
				INFOPLIST_KEY_UILaunchStoryboardName = LaunchScreen;
				INFOPLIST_KEY_UIMainStoryboardFile = Main;
				INFOPLIST_KEY_UISupportedInterfaceOrientations = UIInterfaceOrientationPortrait;
				INFOPLIST_KEY_UISupportedInterfaceOrientations_iPad = "UIInterfaceOrientationPortrait UIInterfaceOrientationPortraitUpsideDown UIInterfaceOrientationLandscapeLeft UIInterfaceOrientationLandscapeRight";
				INFOPLIST_KEY_UISupportedInterfaceOrientations_iPhone = "UIInterfaceOrientationPortrait UIInterfaceOrientationLandscapeLeft UIInterfaceOrientationLandscapeRight";
				LD_RUNPATH_SEARCH_PATHS = (
					"$(inherited)",
					"@executable_path/Frameworks",
				);
				MARKETING_VERSION = 1.0;
				PRODUCT_BUNDLE_IDENTIFIER = za.co.kardiak.mynews;
				PRODUCT_NAME = "$(TARGET_NAME)";
				SWIFT_EMIT_LOC_STRINGS = YES;
				SWIFT_VERSION = 5.0;
				TARGETED_DEVICE_FAMILY = 1;
			};
			name = Release;
		};
		0FE92BEC27B791C2004E7FC8 /* Debug */ = {
			isa = XCBuildConfiguration;
			baseConfigurationReference = 36BDACC7AEDFA558CD9E01A5 /* Pods-MyNewsTests.debug.xcconfig */;
			buildSettings = {
				ALWAYS_EMBED_SWIFT_STANDARD_LIBRARIES = YES;
				BUNDLE_LOADER = "$(TEST_HOST)";
				CODE_SIGN_STYLE = Automatic;
				CURRENT_PROJECT_VERSION = 1;
				DEVELOPMENT_TEAM = 2PZ4C72D4M;
				GENERATE_INFOPLIST_FILE = YES;
				IPHONEOS_DEPLOYMENT_TARGET = 15.2;
				MARKETING_VERSION = 1.0;
				PRODUCT_BUNDLE_IDENTIFIER = kardia.co.za.MyNewsTests;
				PRODUCT_NAME = "$(TARGET_NAME)";
				SWIFT_EMIT_LOC_STRINGS = NO;
				SWIFT_VERSION = 5.0;
				TARGETED_DEVICE_FAMILY = "1,2";
				TEST_HOST = "$(BUILT_PRODUCTS_DIR)/MyNews.app/MyNews";
			};
			name = Debug;
		};
		0FE92BED27B791C2004E7FC8 /* Release */ = {
			isa = XCBuildConfiguration;
			baseConfigurationReference = 25CFE3B569A6D2224EAEEA71 /* Pods-MyNewsTests.release.xcconfig */;
			buildSettings = {
				ALWAYS_EMBED_SWIFT_STANDARD_LIBRARIES = YES;
				BUNDLE_LOADER = "$(TEST_HOST)";
				CODE_SIGN_STYLE = Automatic;
				CURRENT_PROJECT_VERSION = 1;
				DEVELOPMENT_TEAM = 2PZ4C72D4M;
				GENERATE_INFOPLIST_FILE = YES;
				IPHONEOS_DEPLOYMENT_TARGET = 15.2;
				MARKETING_VERSION = 1.0;
				PRODUCT_BUNDLE_IDENTIFIER = kardia.co.za.MyNewsTests;
				PRODUCT_NAME = "$(TARGET_NAME)";
				SWIFT_EMIT_LOC_STRINGS = NO;
				SWIFT_VERSION = 5.0;
				TARGETED_DEVICE_FAMILY = "1,2";
				TEST_HOST = "$(BUILT_PRODUCTS_DIR)/MyNews.app/MyNews";
			};
			name = Release;
		};
		0FE92BEF27B791C2004E7FC8 /* Debug */ = {
			isa = XCBuildConfiguration;
			baseConfigurationReference = B6D653611EA1DCC5AFB97DD3 /* Pods-MyNews-MyNewsUITests.debug.xcconfig */;
			buildSettings = {
				ALWAYS_EMBED_SWIFT_STANDARD_LIBRARIES = YES;
				CODE_SIGN_STYLE = Automatic;
				CURRENT_PROJECT_VERSION = 1;
				DEVELOPMENT_TEAM = 2PZ4C72D4M;
				GENERATE_INFOPLIST_FILE = YES;
				MARKETING_VERSION = 1.0;
				PRODUCT_BUNDLE_IDENTIFIER = kardia.co.za.MyNewsUITests;
				PRODUCT_NAME = "$(TARGET_NAME)";
				SWIFT_EMIT_LOC_STRINGS = NO;
				SWIFT_VERSION = 5.0;
				TARGETED_DEVICE_FAMILY = "1,2";
				TEST_TARGET_NAME = MyNews;
			};
			name = Debug;
		};
		0FE92BF027B791C2004E7FC8 /* Release */ = {
			isa = XCBuildConfiguration;
			baseConfigurationReference = B98CF21AC9C1B4A932FA8EA3 /* Pods-MyNews-MyNewsUITests.release.xcconfig */;
			buildSettings = {
				ALWAYS_EMBED_SWIFT_STANDARD_LIBRARIES = YES;
				CODE_SIGN_STYLE = Automatic;
				CURRENT_PROJECT_VERSION = 1;
				DEVELOPMENT_TEAM = 2PZ4C72D4M;
				GENERATE_INFOPLIST_FILE = YES;
				MARKETING_VERSION = 1.0;
				PRODUCT_BUNDLE_IDENTIFIER = kardia.co.za.MyNewsUITests;
				PRODUCT_NAME = "$(TARGET_NAME)";
				SWIFT_EMIT_LOC_STRINGS = NO;
				SWIFT_VERSION = 5.0;
				TARGETED_DEVICE_FAMILY = "1,2";
				TEST_TARGET_NAME = MyNews;
			};
			name = Release;
		};
/* End XCBuildConfiguration section */

/* Begin XCConfigurationList section */
		0FE92BB927B791C2004E7FC8 /* Build configuration list for PBXProject "MyNews" */ = {
			isa = XCConfigurationList;
			buildConfigurations = (
				0FE92BE627B791C2004E7FC8 /* Debug */,
				0FE92BE727B791C2004E7FC8 /* Release */,
			);
			defaultConfigurationIsVisible = 0;
			defaultConfigurationName = Release;
		};
		0FE92BE827B791C2004E7FC8 /* Build configuration list for PBXNativeTarget "MyNews" */ = {
			isa = XCConfigurationList;
			buildConfigurations = (
				0FE92BE927B791C2004E7FC8 /* Debug */,
				0FE92BEA27B791C2004E7FC8 /* Release */,
			);
			defaultConfigurationIsVisible = 0;
			defaultConfigurationName = Release;
		};
		0FE92BEB27B791C2004E7FC8 /* Build configuration list for PBXNativeTarget "MyNewsTests" */ = {
			isa = XCConfigurationList;
			buildConfigurations = (
				0FE92BEC27B791C2004E7FC8 /* Debug */,
				0FE92BED27B791C2004E7FC8 /* Release */,
			);
			defaultConfigurationIsVisible = 0;
			defaultConfigurationName = Release;
		};
		0FE92BEE27B791C2004E7FC8 /* Build configuration list for PBXNativeTarget "MyNewsUITests" */ = {
			isa = XCConfigurationList;
			buildConfigurations = (
				0FE92BEF27B791C2004E7FC8 /* Debug */,
				0FE92BF027B791C2004E7FC8 /* Release */,
			);
			defaultConfigurationIsVisible = 0;
			defaultConfigurationName = Release;
		};
/* End XCConfigurationList section */
	};
	rootObject = 0FE92BB627B791C2004E7FC8 /* Project object */;
}
